{
  "name": "w02e01-functional-warm-up",
  "version": "1.0.0",
  "lockfileVersion": 1,
  "requires": true,
  "dependencies": {
    "node": {
      "version": "16.17.1",
      "resolved": "https://registry.npmjs.org/node/-/node-16.17.1.tgz",
      "integrity": "sha512-121tyECMYiKlv+laPZBxvCsPbSyVu6FICbK4OQKQOWGFr0RwMe57AwC6NNl6EqsCI322GufohZDZ5fcFC1412g==",
      "dev": true,
      "requires": {
        "node-bin-setup": "^1.0.0"
      }
    },
    "node-bin-setup": {
      "version": "1.1.3",
      "resolved": "https://registry.npmjs.org/node-bin-setup/-/node-bin-setup-1.1.3.tgz",
      "integrity": "sha512-opgw9iSCAzT2+6wJOETCpeRYAQxSopqQ2z+N6BXwIMsQQ7Zj5M8MaafQY8JMlolRR6R1UXg2WmhKp0p9lSOivg==",
      "dev": true
    }
  }
}
